# This file is automatically @generated by Cargo.
# It is not intended for manual editing.
version = 4

[[package]]
name = "base64"
version = "0.23.1"
source = "registry+https://github.com/rust-lang/crates.io-index"
checksum = "ac07cdecf99051d9a5238b80f35af32cdeba5b336e55d957b318b50137e18da5"

[[package]]
name = "convert_case"
version = "0.8.0"
source = "registry+https://github.com/rust-lang/crates.io-index"
checksum = "baaaa0ecca5b51987b9423ccdc971514dd8b0bb7b4060b983d3664dad3f1f89f"
dependencies = [
 "unicode-segmentation",
]

[[package]]
name = "litrs"
version = "0.5.1"
source = "registry+https://github.com/rust-lang/crates.io-index"
checksum = "1e4cf394bcd88ba72eb3b2862e21ef6458b0e1586654e213b0176e667bb9d19e"
dependencies = [
 "proc-macro2",
]

[[package]]
name = "litrs"
version = "1.0.0"
source = "registry+https://github.com/rust-lang/crates.io-index"
checksum = "11d3d7f243d5c5a8b9bb5d6dd2b1602c0cb0b9db1621bafc7ed66e35ff9fe092"
dependencies = [
 "proc-macro2",
]

[[package]]
name = "mdcon"
version = "0.1.0"
dependencies = [
 "pareg",
 "termal",
 "thiserror",
]

[[package]]
name = "minimal-lexical"
version = "0.2.1"
source = "registry+https://github.com/rust-lang/crates.io-index"
checksum = "68354c5c6bd36d73ff3feceb05efa59b6acb7626617f4962be322a825e61f79a"

[[package]]
name = "minlin"
version = "0.5.1"
source = "registry+https://github.com/rust-lang/crates.io-index"
checksum = "3aa9a6450f8ee186c83f5de403413641b217b4a042a4ec0de199741ebd3acd80"
dependencies = [
 "place_macro",
]

[[package]]
name = "pareg"
version = "0.13.0"
source = "registry+https://github.com/rust-lang/crates.io-index"
checksum = "9a9ee2fcdb0483184f3b9abe3514f404e2bf22d8b92188fe44e606e2bc7674ae"
dependencies = [
 "pareg_core",
 "pareg_proc",
]

[[package]]
name = "pareg_core"
version = "0.13.0"
source = "registry+https://github.com/rust-lang/crates.io-index"
checksum = "90f34c6a67704357a8de91a8f6a782c2edc5ea63298d664e8a889559cb5480a9"
dependencies = [
 "minimal-lexical",
 "proc-macro2",
 "quote",
 "syn",
 "termal",
 "thiserror",
]

[[package]]
name = "pareg_proc"
version = "0.13.0"
source = "registry+https://github.com/rust-lang/crates.io-index"
checksum = "a34c27992d8e099f99e3f1038a672aacddce8e2df5e7b24505203059309a5317"
dependencies = [
 "pareg_core",
]

[[package]]
name = "place_macro"
version = "1.1.0"
source = "registry+https://github.com/rust-lang/crates.io-index"
checksum = "7184a838ea957f4354ee4087632287e6422fae12206bf7375a7774a904cf503e"
dependencies = [
 "place_macro_proc",
]

[[package]]
name = "place_macro_core"
version = "1.1.0"
source = "registry+https://github.com/rust-lang/crates.io-index"
checksum = "47bab9e5b5e3d59dcb49b5e8249a52127ac631980c35d20163c7b755abeec2d0"
dependencies = [
 "convert_case",
 "litrs 0.5.1",
 "proc-macro2",
]

[[package]]
name = "place_macro_proc"
version = "1.1.0"
source = "registry+https://github.com/rust-lang/crates.io-index"
checksum = "b40c6f0f1f18e9ef6334fafeaf1579c88b4cfe2dda26215c1251f9af325dbf5c"
dependencies = [
 "place_macro_core",
 "proc-macro2",
]

[[package]]
name = "proc-macro2"
version = "1.0.107"
source = "registry+https://github.com/rust-lang/crates.io-index"
checksum = "985e7ec9bb745e6ce6535b544d84d6cd6f7ad8bd711c398938ae983b91a766d9"
dependencies = [
 "unicode-ident",
]

[[package]]
name = "quote"
version = "1.0.47"
source = "registry+https://github.com/rust-lang/crates.io-index"
checksum = "1fbf4db142a473a8d80c26bbf18454ed458bf8d26c8219c331daecfdbd079001"
dependencies = [
 "proc-macro2",
]

[[package]]
name = "syn"
version = "3.0.5"
source = "registry+https://github.com/rust-lang/crates.io-index"
checksum = "12df2e0110f65b775f769bb17ef989067a1d931b2eb822bd4346631eeada89f9"
dependencies = [
 "proc-macro2",
 "quote",
 "unicode-ident",
]

[[package]]
name = "termal"
version = "5.1.1"
source = "registry+https://github.com/rust-lang/crates.io-index"
checksum = "9c461f0aebec41a9a0f12263431798bd93a44d167d2193fac2843b1719085b8d"
dependencies = [
 "termal_core",
 "termal_proc",
]

[[package]]
name = "termal_core"
version = "5.1.1"
source = "registry+https://github.com/rust-lang/crates.io-index"
checksum = "a81a7156916576ed12a488deca15edcb1cbf8210354f3de072b48c9ce79f55b4"
dependencies = [
 "base64",
 "litrs 1.0.0",
 "minlin",
 "place_macro",
 "proc-macro2",
 "thiserror",
]

[[package]]
name = "termal_proc"
version = "5.1.1"
source = "registry+https://github.com/rust-lang/crates.io-index"
checksum = "f80f96b38c5a39ebc385c49c63cba75151f522fc51a49c6508fe16270dffcb25"
dependencies = [
 "termal_core",
]

[[package]]
name = "thiserror"
version = "2.0.20"
source = "registry+https://github.com/rust-lang/crates.io-index"
checksum = "ec86235f5fcc2a73650310756d2ac5b138a5780bbbdfae3eeccec992c435ba4f"
dependencies = [
 "thiserror-impl",
]

[[package]]
name = "thiserror-impl"
version = "2.0.20"
source = "registry+https://github.com/rust-lang/crates.io-index"
checksum = "bc04cd3e1236dd4a98afca4569f2deb3f120e5422a4023be2cb683f8486292af"
dependencies = [
 "proc-macro2",
 "quote",
 "syn",
]

[[package]]
name = "unicode-ident"
version = "1.0.24"
source = "registry+https://github.com/rust-lang/crates.io-index"
checksum = "e6e4313cd5fcd3dad5cafa179702e2b244f760991f45397d14d4ebf38247da75"

[[package]]
name = "unicode-segmentation"
version = "1.13.3"
source = "registry+https://github.com/rust-lang/crates.io-index"
checksum = "c6f5d3c3b1bf09027a88a6bc961fc00497d651009560b5463668dc81b0fa87a8"
